Microsoft Visual Studio Solution File, Format Version 12.00
# Visual Studio Version 16
VisualStudioVersion = 16.0.0.0
MinimumVisualStudioVersion = 16.0.0.0
Project("{9A19103F-16F7-4668-BE54-9A1E7A4F7556}") = "Tecnologia-Razor.Server", "Server\Tecnologia-Razor.Server.csproj", "{6BA08EC3-70AD-4B3E-978B-CD7E87A11205}"
EndProject
Project("{9A19103F-16F7-4668-BE54-9A1E7A4F7556}") = "Tecnologia-Razor.Client", "Client\Tecnologia-Razor.Client.csproj", "{5AD86C0F-21BD-46F2-A1F1-9D053E229E8C}"
EndProject
Project("{9A19103F-16F7-4668-BE54-9A1E7A4F7556}") = "Tecnologia-Razor.Shared", "Shared\Tecnologia-Razor.Shared.csproj", "{BB916CA0-E0F7-4801-8C1E-65E2AA776254}"
EndProject
Global
	GlobalSection(SolutionConfigurationPlatforms) = preSolution
		Debug|Any CPU = Debug|Any CPU
		Debug|x64 = Debug|x64
		Debug|x86 = Debug|x86
		Release|Any CPU = Release|Any CPU
		Release|x64 = Release|x64
		Release|x86 = Release|x86
	EndGlobalSection
	GlobalSection(ProjectConfigurationPlatforms) = postSolution
		{5AD86C0F-21BD-46F2-A1F1-9D053E229E8C}.Debug|Any CPU.ActiveCfg = Debug|Any CPU
		{5AD86C0F-21BD-46F2-A1F1-9D053E229E8C}.Debug|Any CPU.Build.0 = Debug|Any CPU
		{5AD86C0F-21BD-46F2-A1F1-9D053E229E8C}.Debug|x64.ActiveCfg = Debug|Any CPU
		{5AD86C0F-21BD-46F2-A1F1-9D053E229E8C}.Debug|x64.Build.0 = Debug|Any CPU
		{5AD86C0F-21BD-46F2-A1F1-9D053E229E8C}.Debug|x86.ActiveCfg = Debug|Any CPU
		{5AD86C0F-21BD-46F2-A1F1-9D053E229E8C}.Debug|x86.Build.0 = Debug|Any CPU
		{5AD86C0F-21BD-46F2-A1F1-9D053E229E8C}.Release|Any CPU.ActiveCfg = Release|Any CPU
		{5AD86C0F-21BD-46F2-A1F1-9D053E229E8C}.Release|Any CPU.Build.0 = Release|Any CPU
		{5AD86C0F-21BD-46F2-A1F1-9D053E229E8C}.Release|x64.ActiveCfg = Release|Any CPU
		{5AD86C0F-21BD-46F2-A1F1-9D053E229E8C}.Release|x64.Build.0 = Release|Any CPU
		{5AD86C0F-21BD-46F2-A1F1-9D053E229E8C}.Release|x86.ActiveCfg = Release|Any CPU
		{5AD86C0F-21BD-46F2-A1F1-9D053E229E8C}.Release|x86.Build.0 = Release|Any CPU
		{6BA08EC3-70AD-4B3E-978B-CD7E87A11205}.Debug|Any CPU.ActiveCfg = Debug|Any CPU
		{6BA08EC3-70AD-4B3E-978B-CD7E87A11205}.Debug|Any CPU.Build.0 = Debug|Any CPU
		{6BA08EC3-70AD-4B3E-978B-CD7E87A11205}.Debug|x64.ActiveCfg = Debug|Any CPU
		{6BA08EC3-70AD-4B3E-978B-CD7E87A11205}.Debug|x64.Build.0 = Debug|Any CPU
		{6BA08EC3-70AD-4B3E-978B-CD7E87A11205}.Debug|x86.ActiveCfg = Debug|Any CPU
		{6BA08EC3-70AD-4B3E-978B-CD7E87A11205}.Debug|x86.Build.0 = Debug|Any CPU
		{6BA08EC3-70AD-4B3E-978B-CD7E87A11205}.Release|Any CPU.ActiveCfg = Release|Any CPU
		{6BA08EC3-70AD-4B3E-978B-CD7E87A11205}.Release|Any CPU.Build.0 = Release|Any CPU
		{6BA08EC3-70AD-4B3E-978B-CD7E87A11205}.Release|x64.ActiveCfg = Release|Any CPU
		{6BA08EC3-70AD-4B3E-978B-CD7E87A11205}.Release|x64.Build.0 = Release|Any CPU
		{6BA08EC3-70AD-4B3E-978B-CD7E87A11205}.Release|x86.ActiveCfg = Release|Any CPU
		{6BA08EC3-70AD-4B3E-978B-CD7E87A11205}.Release|x86.Build.0 = Release|Any CPU
		{BB916CA0-E0F7-4801-8C1E-65E2AA776254}.Debug|Any CPU.ActiveCfg = Debug|Any CPU
		{BB916CA0-E0F7-4801-8C1E-65E2AA776254}.Debug|Any CPU.Build.0 = Debug|Any CPU
		{BB916CA0-E0F7-4801-8C1E-65E2AA776254}.Debug|x64.ActiveCfg = Debug|Any CPU
		{BB916CA0-E0F7-4801-8C1E-65E2AA776254}.Debug|x64.Build.0 = Debug|Any CPU
		{BB916CA0-E0F7-4801-8C1E-65E2AA776254}.Debug|x86.ActiveCfg = Debug|Any CPU
		{BB916CA0-E0F7-4801-8C1E-65E2AA776254}.Debug|x86.Build.0 = Debug|Any CPU
		{BB916CA0-E0F7-4801-8C1E-65E2AA776254}.Release|Any CPU.ActiveCfg = Release|Any CPU
		{BB916CA0-E0F7-4801-8C1E-65E2AA776254}.Release|Any CPU.Build.0 = Release|Any CPU
		{BB916CA0-E0F7-4801-8C1E-65E2AA776254}.Release|x64.ActiveCfg = Release|Any CPU
		{BB916CA0-E0F7-4801-8C1E-65E2AA776254}.Release|x64.Build.0 = Release|Any CPU
		{BB916CA0-E0F7-4801-8C1E-65E2AA776254}.Release|x86.ActiveCfg = Release|Any CPU
		{BB916CA0-E0F7-4801-8C1E-65E2AA776254}.Release|x86.Build.0 = Release|Any CPU
	EndGlobalSection
	GlobalSection(SolutionProperties) = preSolution
		HideSolutionNode = FALSE
	EndGlobalSection
	GlobalSection(ExtensibilityGlobals) = postSolution
		SolutionGuid = {E81BD0BD-5EAD-492D-B726-6D6FE7147F43}
	EndGlobalSection
EndGlobal